
Microsoft Visual Studio Solution File, Format Version 12.00
# Visual Studio Version 16
VisualStudioVersion = 16.0.29806.167
MinimumVisualStudioVersion = 10.0.40219.1
Project("{9A19103F-16F7-4668-BE54-9A1E7A4F7556}") = "MineSweeper", "MineSweeper\MineSweeper.csproj", "{8B4E7151-DDE4-4475-A1CA-CC4649F4F165}"
EndProject
Project("{9A19103F-16F7-4668-BE54-9A1E7A4F7556}") = "MineSweeper.UnitTests", "MineSweeper.UnitTests\MineSweeper.UnitTests.csproj", "{A4F4A56B-83F5-4204-989F-8175E6892556}"
EndProject
Project("{9A19103F-16F7-4668-BE54-9A1E7A4F7556}") = "MineSweeperConsole", "MineSweeperConsole\MineSweeperConsole.csproj", "{F4E8A791-45B5-45CB-8177-7836B0C0265B}"
EndProject
Project("{2150E333-8FDC-42A3-9474-1A3956D46DE8}") = "Solution Items", "Solution Items", "{135B2236-34A2-4213-8235-044DF58871C7}"
	ProjectSection(SolutionItems) = preProject
		.gitignore = .gitignore
	EndProjectSection
EndProject
Project("{FAE04EC0-301F-11D3-BF4B-00C04F79EFBC}") = "ConsoleView", "ConsoleView\ConsoleView.csproj", "{49D3739D-A219-409C-95DE-532284C0DE77}"
EndProject
Global
	GlobalSection(SolutionConfigurationPlatforms) = preSolution
		Debug|Any CPU = Debug|Any CPU
		Release|Any CPU = Release|Any CPU
	EndGlobalSection
	GlobalSection(ProjectConfigurationPlatforms) = postSolution
		{8B4E7151-DDE4-4475-A1CA-CC4649F4F165}.Debug|Any CPU.ActiveCfg = Debug|Any CPU
		{8B4E7151-DDE4-4475-A1CA-CC4649F4F165}.Debug|Any CPU.Build.0 = Debug|Any CPU
		{8B4E7151-DDE4-4475-A1CA-CC4649F4F165}.Release|Any CPU.ActiveCfg = Release|Any CPU
		{8B4E7151-DDE4-4475-A1CA-CC4649F4F165}.Release|Any CPU.Build.0 = Release|Any CPU
		{A4F4A56B-83F5-4204-989F-8175E6892556}.Debug|Any CPU.ActiveCfg = Debug|Any CPU
		{A4F4A56B-83F5-4204-989F-8175E6892556}.Debug|Any CPU.Build.0 = Debug|Any CPU
		{A4F4A56B-83F5-4204-989F-8175E6892556}.Release|Any CPU.ActiveCfg = Release|Any CPU
		{A4F4A56B-83F5-4204-989F-8175E6892556}.Release|Any CPU.Build.0 = Release|Any CPU
		{F4E8A791-45B5-45CB-8177-7836B0C0265B}.Debug|Any CPU.ActiveCfg = Debug|Any CPU
		{F4E8A791-45B5-45CB-8177-7836B0C0265B}.Debug|Any CPU.Build.0 = Debug|Any CPU
		{F4E8A791-45B5-45CB-8177-7836B0C0265B}.Release|Any CPU.ActiveCfg = Release|Any CPU
		{F4E8A791-45B5-45CB-8177-7836B0C0265B}.Release|Any CPU.Build.0 = Release|Any CPU
		{49D3739D-A219-409C-95DE-532284C0DE77}.Debug|Any CPU.ActiveCfg = Debug|Any CPU
		{49D3739D-A219-409C-95DE-532284C0DE77}.Debug|Any CPU.Build.0 = Debug|Any CPU
		{49D3739D-A219-409C-95DE-532284C0DE77}.Release|Any CPU.ActiveCfg = Release|Any CPU
		{49D3739D-A219-409C-95DE-532284C0DE77}.Release|Any CPU.Build.0 = Release|Any CPU
	EndGlobalSection
	GlobalSection(SolutionProperties) = preSolution
		HideSolutionNode = FALSE
	EndGlobalSection
	GlobalSection(ExtensibilityGlobals) = postSolution
		SolutionGuid = {5E1FA2BA-6B65-4842-AFB5-5E0147250602}
	EndGlobalSection
EndGlobal
